{
  "object": {
    "pins": [
      {
        "package": "AFNetworking",
        "repositoryURL": "https://gitee.com/guaizaizaiguai/AFNetworking",
        "state": {
          "branch": null,
          "revision": "ffae2391ab0c29dc88eb0a58d2f5b2c2c27cadbf",
          "version": "4.0.1"
        }
      },
      {
        "package": "HopotPackage",
        "repositoryURL": "https://gitee.com/guaizaizaiguai/HotpotPackage.git",
        "state": {
          "branch": "master",
          "revision": "627e1d0f841a1d06b2a1de716e2190861202db60",
          "version": null
        }
      },
      {
        "package": "RxSwift",
        "repositoryURL": "https://gitee.com/mirrors/RxSwift",
        "state": {
          "branch": null,
          "revision": "7e01c05f25c025143073eaa3be3532f9375c614b",
          "version": "6.1.0"
        }
      },
      {
        "package": "SPMLibraryForOC",
        "repositoryURL": "https://gitee.com/guaizaizaiguai/SPMLibraryForOC.git",
        "state": {
          "branch": "master",
          "revision": "d96ac816a5ddf4732d29f8ffadf2d3e52a99b1b2",
          "version": null
        }
      },
      {
        "package": "SwiftPackageByXcode",
        "repositoryURL": "https://gitee.com/guaizaizaiguai/SwiftPackageByXcode.git",
        "state": {
          "branch": "master",
          "revision": "80993a21fd03b0334e0e5a25fe29d04d45d7e472",
          "version": null
        }
      }
    ]
  },
  "version": 1
}
